Microsoft Visual Studio Solution File, Format Version 10.00
# Visual Studio 2008
Project("{FAE04EC0-301F-11D3-BF4B-00C04F79EFBC}") = "ThemedTestApp", "ThemedTestApp.csproj", "{358DAAC9-BEF8-436B-A8EC-F9836E213121}"
EndProject
Project("{FAE04EC0-301F-11D3-BF4B-00C04F79EFBC}") = "IR52cLow", "..\IR52cLow\IR52cLow.csproj", "{11452AF5-7C5E-4260-9AB4-7AEAD0EA86B2}"
EndProject
Project("{FAE04EC0-301F-11D3-BF4B-00C04F79EFBC}") = "SolveNMove", "..\solvenmove\SolveNMove.csproj", "{5B00C48A-7CCB-433B-AF09-46FAB00C30F1}"
EndProject
Global
	GlobalSection(SolutionConfigurationPlatforms) = preSolution
		Debug|Any CPU = Debug|Any CPU
		Release|Any CPU = Release|Any CPU
	EndGlobalSection
	GlobalSection(ProjectConfigurationPlatforms) = postSolution
		{358DAAC9-BEF8-436B-A8EC-F9836E213121}.Debug|Any CPU.ActiveCfg = Debug|Any CPU
		{358DAAC9-BEF8-436B-A8EC-F9836E213121}.Debug|Any CPU.Build.0 = Debug|Any CPU
		{358DAAC9-BEF8-436B-A8EC-F9836E213121}.Release|Any CPU.ActiveCfg = Release|Any CPU
		{358DAAC9-BEF8-436B-A8EC-F9836E213121}.Release|Any CPU.Build.0 = Release|Any CPU
		{11452AF5-7C5E-4260-9AB4-7AEAD0EA86B2}.Debug|Any CPU.ActiveCfg = Debug|Any CPU
		{11452AF5-7C5E-4260-9AB4-7AEAD0EA86B2}.Debug|Any CPU.Build.0 = Debug|Any CPU
		{11452AF5-7C5E-4260-9AB4-7AEAD0EA86B2}.Release|Any CPU.ActiveCfg = Release|Any CPU
		{11452AF5-7C5E-4260-9AB4-7AEAD0EA86B2}.Release|Any CPU.Build.0 = Release|Any CPU
		{5B00C48A-7CCB-433B-AF09-46FAB00C30F1}.Debug|Any CPU.ActiveCfg = Debug|Any CPU
		{5B00C48A-7CCB-433B-AF09-46FAB00C30F1}.Debug|Any CPU.Build.0 = Debug|Any CPU
		{5B00C48A-7CCB-433B-AF09-46FAB00C30F1}.Release|Any CPU.ActiveCfg = Release|Any CPU
		{5B00C48A-7CCB-433B-AF09-46FAB00C30F1}.Release|Any CPU.Build.0 = Release|Any CPU
	EndGlobalSection
	GlobalSection(SolutionProperties) = preSolution
		HideSolutionNode = FALSE
	EndGlobalSection
EndGlobal
